
Microsoft Visual Studio Solution File, Format Version 12.00
# Visual Studio Version 16
VisualStudioVersion = 16.0.28705.295
MinimumVisualStudioVersion = 10.0.40219.1
Project("{9A19103F-16F7-4668-BE54-9A1E7A4F7556}") = "WebApplication", "WebApplication\WebApplication.csproj", "{8665DB85-4F93-404E-98F0-9F81572C645A}"
EndProject
Project("{9A19103F-16F7-4668-BE54-9A1E7A4F7556}") = "Application.Shared", "Application.Shared\Application.Shared.csproj", "{35A1AABB-7711-4D78-8B71-B138834DD73F}"
EndProject
Project("{9A19103F-16F7-4668-BE54-9A1E7A4F7556}") = "Application.Attributes", "Application.Attributes\Application.Attributes.csproj", "{D0AF209D-802E-4552-8E26-6B08A98DE519}"
EndProject
Global
	GlobalSection(SolutionConfigurationPlatforms) = preSolution
		Debug|Any CPU = Debug|Any CPU
		Release|Any CPU = Release|Any CPU
	EndGlobalSection
	GlobalSection(ProjectConfigurationPlatforms) = postSolution
		{8665DB85-4F93-404E-98F0-9F81572C645A}.Debug|Any CPU.ActiveCfg = Debug|Any CPU
		{8665DB85-4F93-404E-98F0-9F81572C645A}.Debug|Any CPU.Build.0 = Debug|Any CPU
		{8665DB85-4F93-404E-98F0-9F81572C645A}.Release|Any CPU.ActiveCfg = Release|Any CPU
		{8665DB85-4F93-404E-98F0-9F81572C645A}.Release|Any CPU.Build.0 = Release|Any CPU
		{35A1AABB-7711-4D78-8B71-B138834DD73F}.Debug|Any CPU.ActiveCfg = Debug|Any CPU
		{35A1AABB-7711-4D78-8B71-B138834DD73F}.Debug|Any CPU.Build.0 = Debug|Any CPU
		{35A1AABB-7711-4D78-8B71-B138834DD73F}.Release|Any CPU.ActiveCfg = Release|Any CPU
		{35A1AABB-7711-4D78-8B71-B138834DD73F}.Release|Any CPU.Build.0 = Release|Any CPU
		{D0AF209D-802E-4552-8E26-6B08A98DE519}.Debug|Any CPU.ActiveCfg = Debug|Any CPU
		{D0AF209D-802E-4552-8E26-6B08A98DE519}.Debug|Any CPU.Build.0 = Debug|Any CPU
		{D0AF209D-802E-4552-8E26-6B08A98DE519}.Release|Any CPU.ActiveCfg = Release|Any CPU
		{D0AF209D-802E-4552-8E26-6B08A98DE519}.Release|Any CPU.Build.0 = Release|Any CPU
	EndGlobalSection
	GlobalSection(SolutionProperties) = preSolution
		HideSolutionNode = FALSE
	EndGlobalSection
	GlobalSection(ExtensibilityGlobals) = postSolution
		SolutionGuid = {96954E4A-5849-45B1-8B5F-7DC75FA4BE81}
	EndGlobalSection
EndGlobal
